
Microsoft Visual Studio Solution File, Format Version 12.00
# Visual Studio Version 17
VisualStudioVersion = 17.3.32602.387
MinimumVisualStudioVersion = 10.0.40219.1
Project("{9A19103F-16F7-4668-BE54-9A1E7A4F7556}") = "CheckersUi", "CheckersUi\CheckersUi.csproj", "{0CB6C736-6FC4-4F16-A143-88B4848C8D1B}"
EndProject
Project("{9A19103F-16F7-4668-BE54-9A1E7A4F7556}") = "CheckersUiWf", "CheckersUiWf\CheckersUiWf.csproj", "{4D73A905-E6E2-41B7-AF14-FC1B0384D67D}"
EndProject
Project("{FAE04EC0-301F-11D3-BF4B-00C04F79EFBC}") = "CheckersUiMaui", "CheckersUiMaui\CheckersUiMaui.csproj", "{81513524-013B-4BCF-A67A-CD4B3E3EBAC7}"
EndProject
Global
	GlobalSection(SolutionConfigurationPlatforms) = preSolution
		Debug|Any CPU = Debug|Any CPU
		Release|Any CPU = Release|Any CPU
	EndGlobalSection
	GlobalSection(ProjectConfigurationPlatforms) = postSolution
		{0CB6C736-6FC4-4F16-A143-88B4848C8D1B}.Debug|Any CPU.ActiveCfg = Debug|Any CPU
		{0CB6C736-6FC4-4F16-A143-88B4848C8D1B}.Debug|Any CPU.Build.0 = Debug|Any CPU
		{0CB6C736-6FC4-4F16-A143-88B4848C8D1B}.Release|Any CPU.ActiveCfg = Release|Any CPU
		{0CB6C736-6FC4-4F16-A143-88B4848C8D1B}.Release|Any CPU.Build.0 = Release|Any CPU
		{4D73A905-E6E2-41B7-AF14-FC1B0384D67D}.Debug|Any CPU.ActiveCfg = Debug|Any CPU
		{4D73A905-E6E2-41B7-AF14-FC1B0384D67D}.Debug|Any CPU.Build.0 = Debug|Any CPU
		{4D73A905-E6E2-41B7-AF14-FC1B0384D67D}.Release|Any CPU.ActiveCfg = Release|Any CPU
		{4D73A905-E6E2-41B7-AF14-FC1B0384D67D}.Release|Any CPU.Build.0 = Release|Any CPU
		{81513524-013B-4BCF-A67A-CD4B3E3EBAC7}.Debug|Any CPU.ActiveCfg = Debug|Any CPU
		{81513524-013B-4BCF-A67A-CD4B3E3EBAC7}.Debug|Any CPU.Build.0 = Debug|Any CPU
		{81513524-013B-4BCF-A67A-CD4B3E3EBAC7}.Debug|Any CPU.Deploy.0 = Debug|Any CPU
		{81513524-013B-4BCF-A67A-CD4B3E3EBAC7}.Release|Any CPU.ActiveCfg = Release|Any CPU
		{81513524-013B-4BCF-A67A-CD4B3E3EBAC7}.Release|Any CPU.Build.0 = Release|Any CPU
		{81513524-013B-4BCF-A67A-CD4B3E3EBAC7}.Release|Any CPU.Deploy.0 = Release|Any CPU
	EndGlobalSection
	GlobalSection(SolutionProperties) = preSolution
		HideSolutionNode = FALSE
	EndGlobalSection
	GlobalSection(ExtensibilityGlobals) = postSolution
		SolutionGuid = {069DC10B-14ED-45D1-9FE5-851873E498DA}
	EndGlobalSection
EndGlobal
